
Microsoft Visual Studio Solution File, Format Version 12.00
# Visual Studio Version 17
VisualStudioVersion = 17.7.34031.279
MinimumVisualStudioVersion = 10.0.40219.1
Project("{9A19103F-16F7-4668-BE54-9A1E7A4F7556}") = "Mappee", "Mappee\Mappee.csproj", "{DA334ACF-22A0-4DB3-8714-26D5CD31303E}"
EndProject
Project("{2150E333-8FDC-42A3-9474-1A3956D46DE8}") = "Solution Items", "Solution Items", "{F15FFFB2-417C-43CB-A83C-4A0038BE0DC0}"
	ProjectSection(SolutionItems) = preProject
		..\README.md = ..\README.md
	EndProjectSection
EndProject
Project("{2150E333-8FDC-42A3-9474-1A3956D46DE8}") = "Tests", "Tests", "{1F1D2461-F7F4-4E68-9482-2672221CAA22}"
EndProject
Project("{2150E333-8FDC-42A3-9474-1A3956D46DE8}") = "Samples", "Samples", "{E642F4F8-F9CC-4559-9485-438A5D5080DD}"
EndProject
Project("{9A19103F-16F7-4668-BE54-9A1E7A4F7556}") = "Benchmark", "Tests\Benchmark\Benchmark.csproj", "{36C5E93C-764F-42DC-B0F1-1101D6432127}"
EndProject
Project("{9A19103F-16F7-4668-BE54-9A1E7A4F7556}") = "Mappee.UnitTests", "Tests\Mappee.UnitTests\Mappee.UnitTests.csproj", "{9DC60D24-C892-4A71-B3BC-CDE80354C45D}"
EndProject
Project("{9A19103F-16F7-4668-BE54-9A1E7A4F7556}") = "TestApp", "Tests\TestApp\TestApp.csproj", "{4E6164BA-0E58-48F1-B6F3-18C6D4F01767}"
EndProject
Project("{9A19103F-16F7-4668-BE54-9A1E7A4F7556}") = "Sample.WebApp", "Samples\Sample.WebApp\Sample.WebApp.csproj", "{268A2037-55A5-4EAB-B5C9-CD60B9C0769A}"
EndProject
Global
	GlobalSection(SolutionConfigurationPlatforms) = preSolution
		Debug|Any CPU = Debug|Any CPU
		Release|Any CPU = Release|Any CPU
	EndGlobalSection
	GlobalSection(ProjectConfigurationPlatforms) = postSolution
		{DA334ACF-22A0-4DB3-8714-26D5CD31303E}.Debug|Any CPU.ActiveCfg = Debug|Any CPU
		{DA334ACF-22A0-4DB3-8714-26D5CD31303E}.Debug|Any CPU.Build.0 = Debug|Any CPU
		{DA334ACF-22A0-4DB3-8714-26D5CD31303E}.Release|Any CPU.ActiveCfg = Release|Any CPU
		{DA334ACF-22A0-4DB3-8714-26D5CD31303E}.Release|Any CPU.Build.0 = Release|Any CPU
		{36C5E93C-764F-42DC-B0F1-1101D6432127}.Debug|Any CPU.ActiveCfg = Debug|Any CPU
		{36C5E93C-764F-42DC-B0F1-1101D6432127}.Debug|Any CPU.Build.0 = Debug|Any CPU
		{36C5E93C-764F-42DC-B0F1-1101D6432127}.Release|Any CPU.ActiveCfg = Release|Any CPU
		{36C5E93C-764F-42DC-B0F1-1101D6432127}.Release|Any CPU.Build.0 = Release|Any CPU
		{9DC60D24-C892-4A71-B3BC-CDE80354C45D}.Debug|Any CPU.ActiveCfg = Debug|Any CPU
		{9DC60D24-C892-4A71-B3BC-CDE80354C45D}.Debug|Any CPU.Build.0 = Debug|Any CPU
		{9DC60D24-C892-4A71-B3BC-CDE80354C45D}.Release|Any CPU.ActiveCfg = Release|Any CPU
		{9DC60D24-C892-4A71-B3BC-CDE80354C45D}.Release|Any CPU.Build.0 = Release|Any CPU
		{4E6164BA-0E58-48F1-B6F3-18C6D4F01767}.Debug|Any CPU.ActiveCfg = Debug|Any CPU
		{4E6164BA-0E58-48F1-B6F3-18C6D4F01767}.Debug|Any CPU.Build.0 = Debug|Any CPU
		{4E6164BA-0E58-48F1-B6F3-18C6D4F01767}.Release|Any CPU.ActiveCfg = Release|Any CPU
		{4E6164BA-0E58-48F1-B6F3-18C6D4F01767}.Release|Any CPU.Build.0 = Release|Any CPU
		{268A2037-55A5-4EAB-B5C9-CD60B9C0769A}.Debug|Any CPU.ActiveCfg = Debug|Any CPU
		{268A2037-55A5-4EAB-B5C9-CD60B9C0769A}.Debug|Any CPU.Build.0 = Debug|Any CPU
		{268A2037-55A5-4EAB-B5C9-CD60B9C0769A}.Release|Any CPU.ActiveCfg = Release|Any CPU
		{268A2037-55A5-4EAB-B5C9-CD60B9C0769A}.Release|Any CPU.Build.0 = Release|Any CPU
	EndGlobalSection
	GlobalSection(SolutionProperties) = preSolution
		HideSolutionNode = FALSE
	EndGlobalSection
	GlobalSection(NestedProjects) = preSolution
		{36C5E93C-764F-42DC-B0F1-1101D6432127} = {1F1D2461-F7F4-4E68-9482-2672221CAA22}
		{9DC60D24-C892-4A71-B3BC-CDE80354C45D} = {1F1D2461-F7F4-4E68-9482-2672221CAA22}
		{4E6164BA-0E58-48F1-B6F3-18C6D4F01767} = {1F1D2461-F7F4-4E68-9482-2672221CAA22}
		{268A2037-55A5-4EAB-B5C9-CD60B9C0769A} = {E642F4F8-F9CC-4559-9485-438A5D5080DD}
	EndGlobalSection
	GlobalSection(ExtensibilityGlobals) = postSolution
		SolutionGuid = {98FE41F5-7978-433F-BEE4-A77B88F6DE81}
	EndGlobalSection
EndGlobal
